<?xml version="1.0" encoding="utf-8"?>
<Project ToolsVersion="4.0" xmlns="http://schemas.microsoft.com/developer/msbuild/2003">
  <ItemGroup>
    <Filter Include="Resource Files">
      <UniqueIdentifier>{67DA6AB6-F800-4c08-8B7A-83BB121AAD01}</UniqueIdentifier>
      <Extensions>rc;ico;cur;bmp;dlg;rc2;rct;bin;rgs;gif;jpg;jpeg;jpe;resx;tiff;tif;png;wav;mfcribbon-ms</Extensions>
    </Filter>
    <Filter Include="Main">
      <UniqueIdentifier>{488dab0e-4bcb-4bd9-98c6-3b56ffc43ff3}</UniqueIdentifier>
    </Filter>
    <Filter Include="Main\System">
      <UniqueIdentifier>{2057ff84-a427-4fb4-88f2-9c01bc89f31a}</UniqueIdentifier>
    </Filter>
    <Filter Include="Main\System\Entity">
      <UniqueIdentifier>{ff35ef8b-31ad-458d-af16-d476db6fdc8b}</UniqueIdentifier>
    </Filter>
    <Filter Include="Main\System\Graphics">
      <UniqueIdentifier>{ee0f7ed7-9cd0-4b33-838a-e10b15b39b40}</UniqueIdentifier>
    </Filter>
    <Filter Include="Main\System\Input">
      <UniqueIdentifier>{942acb1d-eb76-4487-bc3c-cd09fc894c17}</UniqueIdentifier>
    </Filter>
    <Filter Include="Main\System\Graphics\DirectX">
      <UniqueIdentifier>{312a6ae4-9575-4116-95ac-aec2fce21b0e}</UniqueIdentifier>
    </Filter>
    <Filter Include="Main\System\Graphics\ColorShader">
      <UniqueIdentifier>{bab424b0-f763-42cd-b4e2-5bad3cc48c3c}</UniqueIdentifier>
    </Filter>
    <Filter Include="Main\System\Entity\Model">
      <UniqueIdentifier>{8fea0ddc-e004-4a15-b6fb-855a8502de9c}</UniqueIdentifier>
    </Filter>
    <Filter Include="Main\System\Camera">
      <UniqueIdentifier>{8a8f4c5a-83b2-4da8-8ebe-e4165748f243}</UniqueIdentifier>
    </Filter>
  </ItemGroup>
  <ItemGroup>
    <ClCompile Include="Main\Main.cpp">
      <Filter>Main</Filter>
    </ClCompile>
    <ClCompile Include="Main\System\System.cpp">
      <Filter>Main\System</Filter>
    </ClCompile>
    <ClCompile Include="Main\System\Entity\Entity.cpp">
      <Filter>Main\System\Entity</Filter>
    </ClCompile>
    <ClCompile Include="Main\System\Graphics\Graphics.cpp">
      <Filter>Main\System\Graphics</Filter>
    </ClCompile>
    <ClCompile Include="Main\System\Input\Input.cpp">
      <Filter>Main\System\Input</Filter>
    </ClCompile>
    <ClCompile Include="Main\System\Graphics\DirectX\DirectX11.cpp">
      <Filter>Main\System\Graphics\DirectX</Filter>
    </ClCompile>
    <ClCompile Include="Main\System\Graphics\ColorShader\ColorShader.cpp">
      <Filter>Main\System\Graphics\ColorShader</Filter>
    </ClCompile>
    <ClCompile Include="Main\System\Entity\Model\Model.cpp">
      <Filter>Main\System\Entity\Model</Filter>
    </ClCompile>
    <ClCompile Include="Main\System\Camera\Camera.cpp">
      <Filter>Main\System\Camera</Filter>
    </ClCompile>
  </ItemGroup>
  <ItemGroup>
    <ClInclude Include="Main\System\System.h">
      <Filter>Main\System</Filter>
    </ClInclude>
    <ClInclude Include="Main\System\Entity\Entity.h">
      <Filter>Main\System\Entity</Filter>
    </ClInclude>
    <ClInclude Include="Main\System\Graphics\Graphics.h">
      <Filter>Main\System\Graphics</Filter>
    </ClInclude>
    <ClInclude Include="Main\System\Input\Input.h">
      <Filter>Main\System\Input</Filter>
    </ClInclude>
    <ClInclude Include="Main\System\Graphics\DirectX\DirectX11.h">
      <Filter>Main\System\Graphics\DirectX</Filter>
    </ClInclude>
    <ClInclude Include="Main\System\Graphics\ColorShader\ColorShader.h">
      <Filter>Main\System\Graphics\ColorShader</Filter>
    </ClInclude>
    <ClInclude Include="Main\System\Entity\Model\Model.h">
      <Filter>Main\System\Entity\Model</Filter>
    </ClInclude>
    <ClInclude Include="Main\System\Camera\Camera.h">
      <Filter>Main\System\Camera</Filter>
    </ClInclude>
    <ClInclude Include="Main\System\Entity\Model\ModelInfo.h">
      <Filter>Main\System\Entity\Model</Filter>
    </ClInclude>
  </ItemGroup>
  <ItemGroup>
    <FxCompile Include="Main\System\Graphics\ColorShader\ColorShader_ps.hlsl">
      <Filter>Main\System\Graphics\ColorShader</Filter>
    </FxCompile>
    <FxCompile Include="Main\System\Graphics\ColorShader\ColorShader_vs.hlsl">
      <Filter>Main\System\Graphics\ColorShader</Filter>
    </FxCompile>
  </ItemGroup>
</Project>