<?xml version="1.0" encoding="utf-8"?>
<Project ToolsVersion="4.0" xmlns="http://schemas.microsoft.com/developer/msbuild/2003">
  <ItemGroup>
    <Filter Include="Main">
      <UniqueIdentifier>{488dab0e-4bcb-4bd9-98c6-3b56ffc43ff3}</UniqueIdentifier>
    </Filter>
    <Filter Include="Main\WindowManager">
      <UniqueIdentifier>{5381310a-1633-4be0-98c7-4acd4f8fbae8}</UniqueIdentifier>
    </Filter>
    <Filter Include="Main\WindowManager\System">
      <UniqueIdentifier>{2057ff84-a427-4fb4-88f2-9c01bc89f31a}</UniqueIdentifier>
    </Filter>
    <Filter Include="Main\WindowManager\System\Graphics">
      <UniqueIdentifier>{ee0f7ed7-9cd0-4b33-838a-e10b15b39b40}</UniqueIdentifier>
    </Filter>
    <Filter Include="Main\WindowManager\System\Graphics\DirectX">
      <UniqueIdentifier>{312a6ae4-9575-4116-95ac-aec2fce21b0e}</UniqueIdentifier>
    </Filter>
    <Filter Include="Main\WindowManager\System\Graphics\ColorShader">
      <UniqueIdentifier>{bab424b0-f763-42cd-b4e2-5bad3cc48c3c}</UniqueIdentifier>
    </Filter>
    <Filter Include="Main\WindowManager\System\Input">
      <UniqueIdentifier>{942acb1d-eb76-4487-bc3c-cd09fc894c17}</UniqueIdentifier>
    </Filter>
    <Filter Include="Main\WindowManager\System\Camera">
      <UniqueIdentifier>{8a8f4c5a-83b2-4da8-8ebe-e4165748f243}</UniqueIdentifier>
    </Filter>
    <Filter Include="Main\WindowManager\System\Math">
      <UniqueIdentifier>{7831e6f2-2725-460e-8388-40df0d74d41d}</UniqueIdentifier>
    </Filter>
    <Filter Include="Main\WindowManager\System\Math\RNG">
      <UniqueIdentifier>{011a528e-bda0-4dbd-9723-8395e040802d}</UniqueIdentifier>
    </Filter>
    <Filter Include="Main\WindowManager\System\Color">
      <UniqueIdentifier>{7b3f8d9e-0a69-485f-89a0-b939042ca5c6}</UniqueIdentifier>
    </Filter>
    <Filter Include="Main\WindowManager\System\Objects">
      <UniqueIdentifier>{c795da98-e755-4f78-80e7-285bec4a1313}</UniqueIdentifier>
    </Filter>
    <Filter Include="Main\WindowManager\System\Objects\Entity">
      <UniqueIdentifier>{481357cf-4c52-4b02-b002-27984e20efbd}</UniqueIdentifier>
    </Filter>
    <Filter Include="Main\WindowManager\System\Objects\Kinetics">
      <UniqueIdentifier>{1759f4b2-ecb3-4b21-abd4-846c91ac6c44}</UniqueIdentifier>
    </Filter>
    <Filter Include="Main\WindowManager\System\Objects\Statics">
      <UniqueIdentifier>{95bd1c25-2d4f-4f92-b3f1-c49b18e29918}</UniqueIdentifier>
    </Filter>
    <Filter Include="Main\WindowManager\System\Objects\Entity\Model">
      <UniqueIdentifier>{29f1f0a5-7480-4e2a-8a4d-517937a1eb3a}</UniqueIdentifier>
    </Filter>
    <Filter Include="Main\WindowManager\System\Objects\Entity\Physics">
      <UniqueIdentifier>{b49e0650-8512-4b1b-97db-93bdb8aa2d6c}</UniqueIdentifier>
    </Filter>
    <Filter Include="Main\WindowManager\System\Objects\Entity\Model\AssimpLoader">
      <UniqueIdentifier>{fe9919a0-d611-4b29-ae6b-fb9694ac64c2}</UniqueIdentifier>
    </Filter>
    <Filter Include="Main\WindowManager\System\Objects\Entity\Model\Mesh">
      <UniqueIdentifier>{90c44981-4cd5-47c0-b3bd-663fc89b71ef}</UniqueIdentifier>
    </Filter>
    <Filter Include="Main\WindowManager\System\Objects\Kinetics\Character">
      <UniqueIdentifier>{eed21799-7805-4a9e-acc0-1d7fe8876ea8}</UniqueIdentifier>
    </Filter>
    <Filter Include="Main\WindowManager\System\Objects\Kinetics\Kinetic">
      <UniqueIdentifier>{2b1cabb8-6306-4237-b1fa-ce018248c18a}</UniqueIdentifier>
    </Filter>
    <Filter Include="Main\WindowManager\System\Objects\Statics\Building">
      <UniqueIdentifier>{27f30dfc-0bbe-4def-8aee-432e73d33565}</UniqueIdentifier>
    </Filter>
    <Filter Include="Main\WindowManager\System\Objects\Statics\Foliage">
      <UniqueIdentifier>{fec6657b-6037-41f0-8f8a-c1d1da6dddd1}</UniqueIdentifier>
    </Filter>
    <Filter Include="Main\WindowManager\System\Objects\Statics\Landscape">
      <UniqueIdentifier>{924710e0-3ed6-4f25-a84a-fe9bf8432ee0}</UniqueIdentifier>
    </Filter>
    <Filter Include="Main\WindowManager\System\Objects\Statics\Liquid">
      <UniqueIdentifier>{2291fb53-9852-4065-a0b7-d33274bead70}</UniqueIdentifier>
    </Filter>
    <Filter Include="Main\WindowManager\System\Objects\Statics\Skybox">
      <UniqueIdentifier>{75ab2c97-e306-4816-af6d-bbdf2a60c79d}</UniqueIdentifier>
    </Filter>
    <Filter Include="Main\WindowManager\System\Objects\Statics\Static">
      <UniqueIdentifier>{e21f56ac-2169-42ef-a193-49cb8ca2c857}</UniqueIdentifier>
    </Filter>
    <Filter Include="Main\WindowManager\System\Objects\Light">
      <UniqueIdentifier>{a7a453d4-8c2f-4daf-9380-c3f0faca33e0}</UniqueIdentifier>
    </Filter>
  </ItemGroup>
  <ItemGroup>
    <ClCompile Include="Main\Main.cpp">
      <Filter>Main</Filter>
    </ClCompile>
    <ClCompile Include="Main\WindowManager\WindowManager.cpp">
      <Filter>Main\WindowManager</Filter>
    </ClCompile>
    <ClCompile Include="Main\WindowManager\System\System.cpp">
      <Filter>Main\WindowManager\System</Filter>
    </ClCompile>
    <ClCompile Include="Main\WindowManager\System\Math\RNG\RNG.cpp">
      <Filter>Main\WindowManager\System\Math\RNG</Filter>
    </ClCompile>
    <ClCompile Include="Main\WindowManager\System\Math\MathOperations.cpp">
      <Filter>Main\WindowManager\System\Math</Filter>
    </ClCompile>
    <ClCompile Include="Main\WindowManager\System\Math\Matrices.cpp">
      <Filter>Main\WindowManager\System\Math</Filter>
    </ClCompile>
    <ClCompile Include="Main\WindowManager\System\Math\Quaternions.cpp">
      <Filter>Main\WindowManager\System\Math</Filter>
    </ClCompile>
    <ClCompile Include="Main\WindowManager\System\Math\Vectors.cpp">
      <Filter>Main\WindowManager\System\Math</Filter>
    </ClCompile>
    <ClCompile Include="Main\WindowManager\System\Input\Input.cpp">
      <Filter>Main\WindowManager\System\Input</Filter>
    </ClCompile>
    <ClCompile Include="Main\WindowManager\System\Graphics\Graphics.cpp">
      <Filter>Main\WindowManager\System\Graphics</Filter>
    </ClCompile>
    <ClCompile Include="Main\WindowManager\System\Graphics\ColorShader\ColorShader.cpp">
      <Filter>Main\WindowManager\System\Graphics\ColorShader</Filter>
    </ClCompile>
    <ClCompile Include="Main\WindowManager\System\Graphics\DirectX\DirectX11.cpp">
      <Filter>Main\WindowManager\System\Graphics\DirectX</Filter>
    </ClCompile>
    <ClCompile Include="Main\WindowManager\System\Color\Color.cpp">
      <Filter>Main\WindowManager\System\Color</Filter>
    </ClCompile>
    <ClCompile Include="Main\WindowManager\System\Camera\Camera.cpp">
      <Filter>Main\WindowManager\System\Camera</Filter>
    </ClCompile>
    <ClCompile Include="Main\WindowManager\System\Objects\Entity\Entity.cpp">
      <Filter>Main\WindowManager\System\Objects\Entity</Filter>
    </ClCompile>
    <ClCompile Include="Main\WindowManager\System\Objects\Entity\Physics\Physics.cpp">
      <Filter>Main\WindowManager\System\Objects\Entity\Physics</Filter>
    </ClCompile>
    <ClCompile Include="Main\WindowManager\System\Objects\Entity\Model\Mesh\Mesh.cpp">
      <Filter>Main\WindowManager\System\Objects\Entity\Model\Mesh</Filter>
    </ClCompile>
    <ClCompile Include="Main\WindowManager\System\Objects\Entity\Model\AssimpLoader\AssimpLoader.cpp">
      <Filter>Main\WindowManager\System\Objects\Entity\Model\AssimpLoader</Filter>
    </ClCompile>
    <ClCompile Include="Main\WindowManager\System\Objects\Entity\Model\Model.cpp">
      <Filter>Main\WindowManager\System\Objects\Entity\Model</Filter>
    </ClCompile>
  </ItemGroup>
  <ItemGroup>
    <ClInclude Include="Main\WindowManager\WindowManager.h">
      <Filter>Main\WindowManager</Filter>
    </ClInclude>
    <ClInclude Include="Main\WindowManager\System\System.h">
      <Filter>Main\WindowManager\System</Filter>
    </ClInclude>
    <ClInclude Include="Main\WindowManager\System\Math\RNG\RNG.h">
      <Filter>Main\WindowManager\System\Math\RNG</Filter>
    </ClInclude>
    <ClInclude Include="Main\WindowManager\System\Math\MathLib.h">
      <Filter>Main\WindowManager\System\Math</Filter>
    </ClInclude>
    <ClInclude Include="Main\WindowManager\System\Input\Input.h">
      <Filter>Main\WindowManager\System\Input</Filter>
    </ClInclude>
    <ClInclude Include="Main\WindowManager\System\Input\Keys.h">
      <Filter>Main\WindowManager\System\Input</Filter>
    </ClInclude>
    <ClInclude Include="Main\WindowManager\System\Graphics\Graphics.h">
      <Filter>Main\WindowManager\System\Graphics</Filter>
    </ClInclude>
    <ClInclude Include="Main\WindowManager\System\Graphics\ColorShader\ColorShader.h">
      <Filter>Main\WindowManager\System\Graphics\ColorShader</Filter>
    </ClInclude>
    <ClInclude Include="Main\WindowManager\System\Graphics\DirectX\DirectX11.h">
      <Filter>Main\WindowManager\System\Graphics\DirectX</Filter>
    </ClInclude>
    <ClInclude Include="Main\WindowManager\System\Color\Color.h">
      <Filter>Main\WindowManager\System\Color</Filter>
    </ClInclude>
    <ClInclude Include="Main\WindowManager\System\Camera\Camera.h">
      <Filter>Main\WindowManager\System\Camera</Filter>
    </ClInclude>
    <ClInclude Include="Main\WindowManager\System\Objects\Entity\Entity.h">
      <Filter>Main\WindowManager\System\Objects\Entity</Filter>
    </ClInclude>
    <ClInclude Include="Main\WindowManager\System\Objects\Entity\Physics\Physics.h">
      <Filter>Main\WindowManager\System\Objects\Entity\Physics</Filter>
    </ClInclude>
    <ClInclude Include="Main\WindowManager\System\Objects\Entity\Model\Mesh\Mesh.h">
      <Filter>Main\WindowManager\System\Objects\Entity\Model\Mesh</Filter>
    </ClInclude>
    <ClInclude Include="Main\WindowManager\System\Objects\Entity\Model\AssimpLoader\AssimpLoader.h">
      <Filter>Main\WindowManager\System\Objects\Entity\Model\AssimpLoader</Filter>
    </ClInclude>
    <ClInclude Include="Main\WindowManager\System\Objects\Entity\Model\Model.h">
      <Filter>Main\WindowManager\System\Objects\Entity\Model</Filter>
    </ClInclude>
    <ClInclude Include="Main\WindowManager\System\Objects\Entity\Model\ModelInfo.h">
      <Filter>Main\WindowManager\System\Objects\Entity\Model</Filter>
    </ClInclude>
  </ItemGroup>
  <ItemGroup>
    <FxCompile Include="Main\WindowManager\System\Graphics\ColorShader\ColorShader_ps.hlsl">
      <Filter>Main\WindowManager\System\Graphics\ColorShader</Filter>
    </FxCompile>
    <FxCompile Include="Main\WindowManager\System\Graphics\ColorShader\ColorShader_vs.hlsl">
      <Filter>Main\WindowManager\System\Graphics\ColorShader</Filter>
    </FxCompile>
  </ItemGroup>
</Project>