<?xml version="1.0" encoding="utf-8"?>
<Project ToolsVersion="4.0" xmlns="http://schemas.microsoft.com/developer/msbuild/2003">
  <ItemGroup>
    <Filter Include="Main">
      <UniqueIdentifier>{2360538d-98ab-4ea8-8101-1b2bdeeaa15f}</UniqueIdentifier>
    </Filter>
    <Filter Include="Main\WindowManager">
      <UniqueIdentifier>{8901ff59-c056-4fdb-92de-bc08e5dcd8a0}</UniqueIdentifier>
    </Filter>
    <Filter Include="Main\WindowManager\System">
      <UniqueIdentifier>{9babd469-3fa3-49fe-b84c-3ab23c606c95}</UniqueIdentifier>
    </Filter>
    <Filter Include="Main\WindowManager\System\Camera">
      <UniqueIdentifier>{a458dc4e-1064-4fc8-be97-5814235ca4eb}</UniqueIdentifier>
    </Filter>
    <Filter Include="Main\WindowManager\System\Color">
      <UniqueIdentifier>{4af1f60c-2266-43a5-ae9c-0c4710e35e56}</UniqueIdentifier>
    </Filter>
    <Filter Include="Main\WindowManager\System\Entity">
      <UniqueIdentifier>{4f16b7a3-79ce-4dfe-ac65-b24792db4615}</UniqueIdentifier>
    </Filter>
    <Filter Include="Main\WindowManager\System\Graphics">
      <UniqueIdentifier>{0b97db9a-c159-42c4-a3aa-c45afeb5da0b}</UniqueIdentifier>
    </Filter>
    <Filter Include="Main\WindowManager\System\Input">
      <UniqueIdentifier>{b9e18bd2-4c41-40d1-8928-1c662f88a5d7}</UniqueIdentifier>
    </Filter>
    <Filter Include="Main\WindowManager\System\Math">
      <UniqueIdentifier>{7e6a00b2-e72f-45fd-adcb-1c3ae6a3c5b9}</UniqueIdentifier>
    </Filter>
    <Filter Include="Main\WindowManager\System\Entity\Model">
      <UniqueIdentifier>{ceff95ed-21a7-40a2-ad59-3e320062cd31}</UniqueIdentifier>
    </Filter>
    <Filter Include="Main\WindowManager\System\Entity\Physics">
      <UniqueIdentifier>{810832fe-789f-42f6-b138-bc1ec1567d18}</UniqueIdentifier>
    </Filter>
    <Filter Include="Main\WindowManager\System\Entity\Model\AssimpLoader">
      <UniqueIdentifier>{a9b4b50b-f374-447a-b61d-1595cb529ae7}</UniqueIdentifier>
    </Filter>
    <Filter Include="Main\WindowManager\System\Entity\Model\Mesh">
      <UniqueIdentifier>{4b4f7331-6a8f-4995-8a09-52839d8367e7}</UniqueIdentifier>
    </Filter>
    <Filter Include="Main\WindowManager\System\Graphics\ColorShader">
      <UniqueIdentifier>{5dc0a150-3b78-4e3e-8ac8-1c79c9bc6390}</UniqueIdentifier>
    </Filter>
    <Filter Include="Main\WindowManager\System\Graphics\DirectX">
      <UniqueIdentifier>{2e02a758-92f0-4df0-a36b-92a7d4a19722}</UniqueIdentifier>
    </Filter>
    <Filter Include="Main\WindowManager\System\Math\RNG">
      <UniqueIdentifier>{d5ded1b1-ea95-49bb-be4c-8e0f285dc6c8}</UniqueIdentifier>
    </Filter>
  </ItemGroup>
  <ItemGroup>
    <ClCompile Include="Main\Main.cpp">
      <Filter>Main</Filter>
    </ClCompile>
    <ClCompile Include="Main\WindowManager\WindowManager.cpp">
      <Filter>Main\WindowManager</Filter>
    </ClCompile>
    <ClCompile Include="Main\WindowManager\System\System.cpp">
      <Filter>Main\WindowManager\System</Filter>
    </ClCompile>
    <ClCompile Include="Main\WindowManager\System\Camera\Camera.cpp">
      <Filter>Main\WindowManager\System\Camera</Filter>
    </ClCompile>
    <ClCompile Include="Main\WindowManager\System\Color\Color.cpp">
      <Filter>Main\WindowManager\System\Color</Filter>
    </ClCompile>
    <ClCompile Include="Main\WindowManager\System\Entity\Entity.cpp">
      <Filter>Main\WindowManager\System\Entity</Filter>
    </ClCompile>
    <ClCompile Include="Main\WindowManager\System\Entity\Model\Model.cpp">
      <Filter>Main\WindowManager\System\Entity\Model</Filter>
    </ClCompile>
    <ClCompile Include="Main\WindowManager\System\Entity\Model\AssimpLoader\AssimpLoader.cpp">
      <Filter>Main\WindowManager\System\Entity\Model\AssimpLoader</Filter>
    </ClCompile>
    <ClCompile Include="Main\WindowManager\System\Entity\Model\Mesh\Mesh.cpp">
      <Filter>Main\WindowManager\System\Entity\Model\Mesh</Filter>
    </ClCompile>
    <ClCompile Include="Main\WindowManager\System\Graphics\Graphics.cpp">
      <Filter>Main\WindowManager\System\Graphics</Filter>
    </ClCompile>
    <ClCompile Include="Main\WindowManager\System\Graphics\ColorShader\ColorShader.cpp">
      <Filter>Main\WindowManager\System\Graphics\ColorShader</Filter>
    </ClCompile>
    <ClCompile Include="Main\WindowManager\System\Graphics\DirectX\DirectX11.cpp">
      <Filter>Main\WindowManager\System\Graphics\DirectX</Filter>
    </ClCompile>
    <ClCompile Include="Main\WindowManager\System\Input\Input.cpp">
      <Filter>Main\WindowManager\System\Input</Filter>
    </ClCompile>
    <ClCompile Include="Main\WindowManager\System\Math\MathOperations.cpp">
      <Filter>Main\WindowManager\System\Math</Filter>
    </ClCompile>
    <ClCompile Include="Main\WindowManager\System\Math\Matrices.cpp">
      <Filter>Main\WindowManager\System\Math</Filter>
    </ClCompile>
    <ClCompile Include="Main\WindowManager\System\Math\Quaternions.cpp">
      <Filter>Main\WindowManager\System\Math</Filter>
    </ClCompile>
    <ClCompile Include="Main\WindowManager\System\Math\Vectors.cpp">
      <Filter>Main\WindowManager\System\Math</Filter>
    </ClCompile>
    <ClCompile Include="Main\WindowManager\System\Math\RNG\RNG.cpp">
      <Filter>Main\WindowManager\System\Math\RNG</Filter>
    </ClCompile>
    <ClCompile Include="Main\WindowManager\System\Entity\Physics\Physics.cpp">
      <Filter>Main\WindowManager\System\Entity\Physics</Filter>
    </ClCompile>
  </ItemGroup>
  <ItemGroup>
    <ClInclude Include="Main\WindowManager\WindowManager.h">
      <Filter>Main\WindowManager</Filter>
    </ClInclude>
    <ClInclude Include="Main\WindowManager\System\System.h">
      <Filter>Main\WindowManager\System</Filter>
    </ClInclude>
    <ClInclude Include="Main\WindowManager\System\Camera\Camera.h">
      <Filter>Main\WindowManager\System\Camera</Filter>
    </ClInclude>
    <ClInclude Include="Main\WindowManager\System\Color\Color.h">
      <Filter>Main\WindowManager\System\Color</Filter>
    </ClInclude>
    <ClInclude Include="Main\WindowManager\System\Entity\Entity.h">
      <Filter>Main\WindowManager\System\Entity</Filter>
    </ClInclude>
    <ClInclude Include="Main\WindowManager\System\Entity\Model\Model.h">
      <Filter>Main\WindowManager\System\Entity\Model</Filter>
    </ClInclude>
    <ClInclude Include="Main\WindowManager\System\Entity\Model\ModelInfo.h">
      <Filter>Main\WindowManager\System\Entity\Model</Filter>
    </ClInclude>
    <ClInclude Include="Main\WindowManager\System\Entity\Model\AssimpLoader\AssimpLoader.h">
      <Filter>Main\WindowManager\System\Entity\Model\AssimpLoader</Filter>
    </ClInclude>
    <ClInclude Include="Main\WindowManager\System\Entity\Model\Mesh\Mesh.h">
      <Filter>Main\WindowManager\System\Entity\Model\Mesh</Filter>
    </ClInclude>
    <ClInclude Include="Main\WindowManager\System\Graphics\Graphics.h">
      <Filter>Main\WindowManager\System\Graphics</Filter>
    </ClInclude>
    <ClInclude Include="Main\WindowManager\System\Graphics\ColorShader\ColorShader.h">
      <Filter>Main\WindowManager\System\Graphics\ColorShader</Filter>
    </ClInclude>
    <ClInclude Include="Main\WindowManager\System\Graphics\DirectX\DirectX11.h">
      <Filter>Main\WindowManager\System\Graphics\DirectX</Filter>
    </ClInclude>
    <ClInclude Include="Main\WindowManager\System\Input\Input.h">
      <Filter>Main\WindowManager\System\Input</Filter>
    </ClInclude>
    <ClInclude Include="Main\WindowManager\System\Input\Keys.h">
      <Filter>Main\WindowManager\System\Input</Filter>
    </ClInclude>
    <ClInclude Include="Main\WindowManager\System\Math\MathLib.h">
      <Filter>Main\WindowManager\System\Math</Filter>
    </ClInclude>
    <ClInclude Include="Main\WindowManager\System\Math\RNG\RNG.h">
      <Filter>Main\WindowManager\System\Math\RNG</Filter>
    </ClInclude>
    <ClInclude Include="Main\WindowManager\System\Entity\Physics\Physics.h">
      <Filter>Main\WindowManager\System\Entity\Physics</Filter>
    </ClInclude>
    <ClInclude Include="Main\WindowManager\MenuResource.h">
      <Filter>Main\WindowManager</Filter>
    </ClInclude>
  </ItemGroup>
  <ItemGroup>
    <FxCompile Include="Main\WindowManager\System\Graphics\ColorShader\ColorShader_ps.hlsl">
      <Filter>Main\WindowManager\System\Graphics\ColorShader</Filter>
    </FxCompile>
    <FxCompile Include="Main\WindowManager\System\Graphics\ColorShader\ColorShader_vs.hlsl">
      <Filter>Main\WindowManager\System\Graphics\ColorShader</Filter>
    </FxCompile>
  </ItemGroup>
  <ItemGroup>
    <ResourceCompile Include="Main\WindowManager\MenuResource.rc">
      <Filter>Main\WindowManager</Filter>
    </ResourceCompile>
  </ItemGroup>
</Project>