<?xml version="1.0" encoding="utf-8"?>
<Project ToolsVersion="4.0" xmlns="http://schemas.microsoft.com/developer/msbuild/2003">
  <ItemGroup>
    <Filter Include="Main">
      <UniqueIdentifier>{2360538d-98ab-4ea8-8101-1b2bdeeaa15f}</UniqueIdentifier>
    </Filter>
    <Filter Include="Main\WindowManager">
      <UniqueIdentifier>{8901ff59-c056-4fdb-92de-bc08e5dcd8a0}</UniqueIdentifier>
    </Filter>
    <Filter Include="Main\WindowManager\System">
      <UniqueIdentifier>{9babd469-3fa3-49fe-b84c-3ab23c606c95}</UniqueIdentifier>
    </Filter>
    <Filter Include="Main\WindowManager\System\Camera">
      <UniqueIdentifier>{a458dc4e-1064-4fc8-be97-5814235ca4eb}</UniqueIdentifier>
    </Filter>
    <Filter Include="Main\WindowManager\System\Color">
      <UniqueIdentifier>{4af1f60c-2266-43a5-ae9c-0c4710e35e56}</UniqueIdentifier>
    </Filter>
    <Filter Include="Main\WindowManager\System\Graphics">
      <UniqueIdentifier>{0b97db9a-c159-42c4-a3aa-c45afeb5da0b}</UniqueIdentifier>
    </Filter>
    <Filter Include="Main\WindowManager\System\Input">
      <UniqueIdentifier>{b9e18bd2-4c41-40d1-8928-1c662f88a5d7}</UniqueIdentifier>
    </Filter>
    <Filter Include="Main\WindowManager\System\Math">
      <UniqueIdentifier>{7e6a00b2-e72f-45fd-adcb-1c3ae6a3c5b9}</UniqueIdentifier>
    </Filter>
    <Filter Include="Main\WindowManager\System\Graphics\DirectX">
      <UniqueIdentifier>{2e02a758-92f0-4df0-a36b-92a7d4a19722}</UniqueIdentifier>
    </Filter>
    <Filter Include="Main\WindowManager\System\Math\RNG">
      <UniqueIdentifier>{d5ded1b1-ea95-49bb-be4c-8e0f285dc6c8}</UniqueIdentifier>
    </Filter>
    <Filter Include="Main\WindowManager\System\Objects">
      <UniqueIdentifier>{c1d56b19-6c3d-407b-9f42-12d91563bd63}</UniqueIdentifier>
    </Filter>
    <Filter Include="Main\WindowManager\System\Objects\Entity">
      <UniqueIdentifier>{4f16b7a3-79ce-4dfe-ac65-b24792db4615}</UniqueIdentifier>
    </Filter>
    <Filter Include="Main\WindowManager\System\Objects\Entity\Model">
      <UniqueIdentifier>{ceff95ed-21a7-40a2-ad59-3e320062cd31}</UniqueIdentifier>
    </Filter>
    <Filter Include="Main\WindowManager\System\Objects\Entity\Model\AssimpLoader">
      <UniqueIdentifier>{a9b4b50b-f374-447a-b61d-1595cb529ae7}</UniqueIdentifier>
    </Filter>
    <Filter Include="Main\WindowManager\System\Objects\Entity\Model\Mesh">
      <UniqueIdentifier>{4b4f7331-6a8f-4995-8a09-52839d8367e7}</UniqueIdentifier>
    </Filter>
    <Filter Include="Main\WindowManager\System\Objects\Entity\Physics">
      <UniqueIdentifier>{810832fe-789f-42f6-b138-bc1ec1567d18}</UniqueIdentifier>
    </Filter>
    <Filter Include="Main\WindowManager\System\Objects\Statics">
      <UniqueIdentifier>{df2a0bd8-c72d-458f-b63c-703a3601e051}</UniqueIdentifier>
    </Filter>
    <Filter Include="Main\WindowManager\System\Objects\Kinetics">
      <UniqueIdentifier>{d69c94ce-fe32-4157-8e55-b4009951b301}</UniqueIdentifier>
    </Filter>
    <Filter Include="Main\WindowManager\System\Objects\Kinetics\Character">
      <UniqueIdentifier>{6bd02bf7-6909-45d4-8dcc-046f9e8b62fc}</UniqueIdentifier>
    </Filter>
    <Filter Include="Main\WindowManager\System\Objects\Kinetics\Kinetic">
      <UniqueIdentifier>{7cde7031-075b-4bd6-8828-211ed4c87cce}</UniqueIdentifier>
    </Filter>
    <Filter Include="Main\WindowManager\System\Objects\Statics\Static">
      <UniqueIdentifier>{9ce2c75e-8106-47ae-9d23-057f886fe4ab}</UniqueIdentifier>
    </Filter>
    <Filter Include="Main\WindowManager\System\Objects\Statics\Building">
      <UniqueIdentifier>{e9777df7-b86f-4067-9558-a96df3c38a71}</UniqueIdentifier>
    </Filter>
    <Filter Include="Main\WindowManager\System\Objects\Statics\Foliage">
      <UniqueIdentifier>{1cba3e07-5d62-448a-b21b-1c8a22b05b0b}</UniqueIdentifier>
    </Filter>
    <Filter Include="Main\WindowManager\System\Objects\Statics\Landscape">
      <UniqueIdentifier>{242f6cc7-616f-48ad-a47c-d82f36e7987a}</UniqueIdentifier>
    </Filter>
    <Filter Include="Main\WindowManager\System\Objects\Statics\Skybox">
      <UniqueIdentifier>{914db121-9b0d-4797-8d1c-1891c5a77b92}</UniqueIdentifier>
    </Filter>
    <Filter Include="Main\WindowManager\System\Objects\Statics\Liquid">
      <UniqueIdentifier>{509c2679-7d02-45e3-bf86-72c1887e375f}</UniqueIdentifier>
    </Filter>
    <Filter Include="Main\WindowManager\System\Objects\Light">
      <UniqueIdentifier>{c09253d6-a21f-4789-a47d-8bf96948d878}</UniqueIdentifier>
    </Filter>
    <Filter Include="Main\WindowManager\System\Objects\Light\Directional">
      <UniqueIdentifier>{b4fc6a9c-ec51-460c-a8f4-48abdad85532}</UniqueIdentifier>
    </Filter>
    <Filter Include="Main\WindowManager\System\Objects\Light\Spot">
      <UniqueIdentifier>{8e8ea687-6f45-4eb9-bad9-619ffd99ee68}</UniqueIdentifier>
    </Filter>
    <Filter Include="Main\WindowManager\System\Objects\Light\Point">
      <UniqueIdentifier>{b843761c-62c4-480b-910d-b147db7f6171}</UniqueIdentifier>
    </Filter>
    <Filter Include="Main\WindowManager\System\Graphics\MaterialShader">
      <UniqueIdentifier>{5dc0a150-3b78-4e3e-8ac8-1c79c9bc6390}</UniqueIdentifier>
    </Filter>
    <Filter Include="Main\WindowManager\System\Objects\Entity\Model\Texture">
      <UniqueIdentifier>{8606a07d-4a95-48da-8832-188231179e30}</UniqueIdentifier>
    </Filter>
    <Filter Include="Main\WindowManager\System\Graphics\TextureShader">
      <UniqueIdentifier>{c905d699-77e0-466e-a075-24ea5a2f004f}</UniqueIdentifier>
    </Filter>
  </ItemGroup>
  <ItemGroup>
    <ClCompile Include="Main\Main.cpp">
      <Filter>Main</Filter>
    </ClCompile>
    <ClCompile Include="Main\WindowManager\WindowManager.cpp">
      <Filter>Main\WindowManager</Filter>
    </ClCompile>
    <ClCompile Include="Main\WindowManager\System\System.cpp">
      <Filter>Main\WindowManager\System</Filter>
    </ClCompile>
    <ClCompile Include="Main\WindowManager\System\Camera\Camera.cpp">
      <Filter>Main\WindowManager\System\Camera</Filter>
    </ClCompile>
    <ClCompile Include="Main\WindowManager\System\Color\Color.cpp">
      <Filter>Main\WindowManager\System\Color</Filter>
    </ClCompile>
    <ClCompile Include="Main\WindowManager\System\Graphics\DirectX\DirectX11.cpp">
      <Filter>Main\WindowManager\System\Graphics\DirectX</Filter>
    </ClCompile>
    <ClCompile Include="Main\WindowManager\System\Input\Input.cpp">
      <Filter>Main\WindowManager\System\Input</Filter>
    </ClCompile>
    <ClCompile Include="Main\WindowManager\System\Math\MathOperations.cpp">
      <Filter>Main\WindowManager\System\Math</Filter>
    </ClCompile>
    <ClCompile Include="Main\WindowManager\System\Math\Matrices.cpp">
      <Filter>Main\WindowManager\System\Math</Filter>
    </ClCompile>
    <ClCompile Include="Main\WindowManager\System\Math\Quaternions.cpp">
      <Filter>Main\WindowManager\System\Math</Filter>
    </ClCompile>
    <ClCompile Include="Main\WindowManager\System\Math\Vectors.cpp">
      <Filter>Main\WindowManager\System\Math</Filter>
    </ClCompile>
    <ClCompile Include="Main\WindowManager\System\Math\RNG\RNG.cpp">
      <Filter>Main\WindowManager\System\Math\RNG</Filter>
    </ClCompile>
    <ClCompile Include="Main\WindowManager\System\Graphics\Graphics.cpp">
      <Filter>Main\WindowManager\System\Graphics</Filter>
    </ClCompile>
    <ClCompile Include="Main\WindowManager\System\Objects\Entity\Model\AssimpLoader\AssimpLoader.cpp">
      <Filter>Main\WindowManager\System\Objects\Entity\Model\AssimpLoader</Filter>
    </ClCompile>
    <ClCompile Include="Main\WindowManager\System\Objects\Entity\Model\Mesh\Mesh.cpp">
      <Filter>Main\WindowManager\System\Objects\Entity\Model\Mesh</Filter>
    </ClCompile>
    <ClCompile Include="Main\WindowManager\System\Objects\Entity\Model\Model.cpp">
      <Filter>Main\WindowManager\System\Objects\Entity\Model</Filter>
    </ClCompile>
    <ClCompile Include="Main\WindowManager\System\Objects\Entity\Physics\Physics.cpp">
      <Filter>Main\WindowManager\System\Objects\Entity\Physics</Filter>
    </ClCompile>
    <ClCompile Include="Main\WindowManager\System\Objects\Entity\Entity.cpp">
      <Filter>Main\WindowManager\System\Objects\Entity</Filter>
    </ClCompile>
    <ClCompile Include="Main\WindowManager\System\Objects\Light\Light.cpp">
      <Filter>Main\WindowManager\System\Objects\Light</Filter>
    </ClCompile>
    <ClCompile Include="Main\WindowManager\System\Objects\Light\Spot\Spot.cpp">
      <Filter>Main\WindowManager\System\Objects\Light\Spot</Filter>
    </ClCompile>
    <ClCompile Include="Main\WindowManager\System\Objects\Light\Point\Point.cpp">
      <Filter>Main\WindowManager\System\Objects\Light\Point</Filter>
    </ClCompile>
    <ClCompile Include="Main\WindowManager\System\Objects\Light\Directional\Directional.cpp">
      <Filter>Main\WindowManager\System\Objects\Light\Directional</Filter>
    </ClCompile>
    <ClCompile Include="Main\WindowManager\System\Graphics\MaterialShader\MaterialShader.cpp">
      <Filter>Main\WindowManager\System\Graphics\MaterialShader</Filter>
    </ClCompile>
    <ClCompile Include="Main\WindowManager\MessageHandler.cpp">
      <Filter>Main\WindowManager</Filter>
    </ClCompile>
    <ClCompile Include="Main\WindowManager\WindowHelper.cpp">
      <Filter>Main\WindowManager</Filter>
    </ClCompile>
    <ClCompile Include="Main\WindowManager\System\Objects\Entity\Model\Texture\Texture.cpp">
      <Filter>Main\WindowManager\System\Objects\Entity\Model\Texture</Filter>
    </ClCompile>
    <ClCompile Include="Main\WindowManager\System\Graphics\TextureShader\TextureShader.cpp">
      <Filter>Main\WindowManager\System\Graphics\TextureShader</Filter>
    </ClCompile>
  </ItemGroup>
  <ItemGroup>
    <ClInclude Include="Main\WindowManager\WindowManager.h">
      <Filter>Main\WindowManager</Filter>
    </ClInclude>
    <ClInclude Include="Main\WindowManager\System\System.h">
      <Filter>Main\WindowManager\System</Filter>
    </ClInclude>
    <ClInclude Include="Main\WindowManager\System\Camera\Camera.h">
      <Filter>Main\WindowManager\System\Camera</Filter>
    </ClInclude>
    <ClInclude Include="Main\WindowManager\System\Color\Color.h">
      <Filter>Main\WindowManager\System\Color</Filter>
    </ClInclude>
    <ClInclude Include="Main\WindowManager\System\Graphics\Graphics.h">
      <Filter>Main\WindowManager\System\Graphics</Filter>
    </ClInclude>
    <ClInclude Include="Main\WindowManager\System\Graphics\DirectX\DirectX11.h">
      <Filter>Main\WindowManager\System\Graphics\DirectX</Filter>
    </ClInclude>
    <ClInclude Include="Main\WindowManager\System\Input\Input.h">
      <Filter>Main\WindowManager\System\Input</Filter>
    </ClInclude>
    <ClInclude Include="Main\WindowManager\System\Input\Keys.h">
      <Filter>Main\WindowManager\System\Input</Filter>
    </ClInclude>
    <ClInclude Include="Main\WindowManager\System\Math\MathLib.h">
      <Filter>Main\WindowManager\System\Math</Filter>
    </ClInclude>
    <ClInclude Include="Main\WindowManager\System\Math\RNG\RNG.h">
      <Filter>Main\WindowManager\System\Math\RNG</Filter>
    </ClInclude>
    <ClInclude Include="Main\WindowManager\MenuResource.h">
      <Filter>Main\WindowManager</Filter>
    </ClInclude>
    <ClInclude Include="Main\WindowManager\System\Objects\Entity\Model\AssimpLoader\AssimpLoader.h">
      <Filter>Main\WindowManager\System\Objects\Entity\Model\AssimpLoader</Filter>
    </ClInclude>
    <ClInclude Include="Main\WindowManager\System\Objects\Entity\Model\Mesh\Mesh.h">
      <Filter>Main\WindowManager\System\Objects\Entity\Model\Mesh</Filter>
    </ClInclude>
    <ClInclude Include="Main\WindowManager\System\Objects\Entity\Model\Model.h">
      <Filter>Main\WindowManager\System\Objects\Entity\Model</Filter>
    </ClInclude>
    <ClInclude Include="Main\WindowManager\System\Objects\Entity\Model\ModelInfo.h">
      <Filter>Main\WindowManager\System\Objects\Entity\Model</Filter>
    </ClInclude>
    <ClInclude Include="Main\WindowManager\System\Objects\Entity\Physics\Physics.h">
      <Filter>Main\WindowManager\System\Objects\Entity\Physics</Filter>
    </ClInclude>
    <ClInclude Include="Main\WindowManager\System\Objects\Entity\Entity.h">
      <Filter>Main\WindowManager\System\Objects\Entity</Filter>
    </ClInclude>
    <ClInclude Include="Main\WindowManager\System\Objects\Light\Light.h">
      <Filter>Main\WindowManager\System\Objects\Light</Filter>
    </ClInclude>
    <ClInclude Include="Main\WindowManager\System\Objects\Light\Spot\Spot.h">
      <Filter>Main\WindowManager\System\Objects\Light\Spot</Filter>
    </ClInclude>
    <ClInclude Include="Main\WindowManager\System\Objects\Light\Point\Point.h">
      <Filter>Main\WindowManager\System\Objects\Light\Point</Filter>
    </ClInclude>
    <ClInclude Include="Main\WindowManager\System\Objects\Light\Directional\Directional.h">
      <Filter>Main\WindowManager\System\Objects\Light\Directional</Filter>
    </ClInclude>
    <ClInclude Include="Main\WindowManager\System\Graphics\MaterialShader\MaterialShader.h">
      <Filter>Main\WindowManager\System\Graphics\MaterialShader</Filter>
    </ClInclude>
    <ClInclude Include="Main\WindowManager\WindowHelper.h">
      <Filter>Main\WindowManager</Filter>
    </ClInclude>
    <ClInclude Include="Main\WindowManager\System\Objects\Entity\Model\Texture\Texture.h">
      <Filter>Main\WindowManager\System\Objects\Entity\Model\Texture</Filter>
    </ClInclude>
    <ClInclude Include="Main\WindowManager\System\Graphics\TextureShader\TextureShader.h">
      <Filter>Main\WindowManager\System\Graphics\TextureShader</Filter>
    </ClInclude>
  </ItemGroup>
  <ItemGroup>
    <ResourceCompile Include="Main\WindowManager\MenuResource.rc">
      <Filter>Main\WindowManager</Filter>
    </ResourceCompile>
  </ItemGroup>
  <ItemGroup>
    <FxCompile Include="Main\WindowManager\System\Graphics\MaterialShader\MaterialShader_ps.hlsl">
      <Filter>Main\WindowManager\System\Graphics\MaterialShader</Filter>
    </FxCompile>
    <FxCompile Include="Main\WindowManager\System\Graphics\MaterialShader\MaterialShader_vs.hlsl">
      <Filter>Main\WindowManager\System\Graphics\MaterialShader</Filter>
    </FxCompile>
    <FxCompile Include="Main\WindowManager\System\Graphics\TextureShader\TextureShader_ps.hlsl">
      <Filter>Main\WindowManager\System\Graphics\TextureShader</Filter>
    </FxCompile>
    <FxCompile Include="Main\WindowManager\System\Graphics\TextureShader\TextureShader_vs.hlsl">
      <Filter>Main\WindowManager\System\Graphics\TextureShader</Filter>
    </FxCompile>
  </ItemGroup>
  <ItemGroup>
    <Image Include="Main\WindowManager\Psi.ico" />
  </ItemGroup>
</Project>